
Microsoft Visual Studio Solution File, Format Version 12.00
# Visual Studio Express 2012 for Windows Desktop
Project("{FAE04EC0-301F-11D3-BF4B-00C04F79EFBC}") = "TS_RA2_YR_Thumbnails_Extractor", "TS_RA2_YR_Thumbnails_Extractor.csproj", "{851D4449-E87E-41EF-AE93-5A42D8DF0BCA}"
EndProject
Global
	GlobalSection(SolutionConfigurationPlatforms) = preSolution
		Debug|Any CPU = Debug|Any CPU
		Release|Any CPU = Release|Any CPU
	EndGlobalSection
	GlobalSection(ProjectConfigurationPlatforms) = postSolution
		{851D4449-E87E-41EF-AE93-5A42D8DF0BCA}.Debug|Any CPU.ActiveCfg = Debug|Any CPU
		{851D4449-E87E-41EF-AE93-5A42D8DF0BCA}.Debug|Any CPU.Build.0 = Debug|Any CPU
		{851D4449-E87E-41EF-AE93-5A42D8DF0BCA}.Release|Any CPU.ActiveCfg = Release|Any CPU
		{851D4449-E87E-41EF-AE93-5A42D8DF0BCA}.Release|Any CPU.Build.0 = Release|Any CPU
	EndGlobalSection
	GlobalSection(SolutionProperties) = preSolution
		HideSolutionNode = FALSE
	EndGlobalSection
EndGlobal
